
Microsoft Visual Studio Solution File, Format Version 12.00
# Visual Studio Version 16
VisualStudioVersion = 16.0.31129.286
MinimumVisualStudioVersion = 10.0.40219.1
Project("{FAE04EC0-301F-11D3-BF4B-00C04F79EFBC}") = "Thorn_CashFlowManager", "Thorn_CashFlowManager.csproj", "{AD78834C-B77D-4E73-8952-C9541AE86243}"
EndProject
Global
	GlobalSection(SolutionConfigurationPlatforms) = preSolution
		Debug|Any CPU = Debug|Any CPU
		Release|Any CPU = Release|Any CPU
	EndGlobalSection
	GlobalSection(ProjectConfigurationPlatforms) = postSolution
		{AD78834C-B77D-4E73-8952-C9541AE86243}.Debug|Any CPU.ActiveCfg = Debug|Any CPU
		{AD78834C-B77D-4E73-8952-C9541AE86243}.Debug|Any CPU.Build.0 = Debug|Any CPU
		{AD78834C-B77D-4E73-8952-C9541AE86243}.Release|Any CPU.ActiveCfg = Release|Any CPU
		{AD78834C-B77D-4E73-8952-C9541AE86243}.Release|Any CPU.Build.0 = Release|Any CPU
	EndGlobalSection
	GlobalSection(SolutionProperties) = preSolution
		HideSolutionNode = FALSE
	EndGlobalSection
	GlobalSection(ExtensibilityGlobals) = postSolution
		SolutionGuid = {0D865EEB-A0D6-4D3E-A0C7-32F9A3E78AF2}
	EndGlobalSection
EndGlobal
